PODS:
  - Droste (0.1.0):
    - RxSwift
  - Droste/Tests (0.1.0):
    - Nimble
    - Quick
    - RxSwift
    - RxTest
  - Nimble (7.0.3)
  - Quick (1.2.0)
  - RxSwift (4.0.0)
  - RxTest (4.0.0):
    - RxSwift (~> 4.0)

DEPENDENCIES:
  - Droste (from `../`)
  - Droste/Tests (from `../`)

EXTERNAL SOURCES:
  Droste:
    :path: ../

SPEC CHECKSUMS:
  Droste: 459ec3e7569acbf961545333fa25f6fe1373a2c5
  Nimble: 7f5a9c447a33002645a071bddafbfb24ea70e0ac
  Quick: 58d203b1c5e27fff7229c4c1ae445ad7069a7a08
  RxSwift: fd680d75283beb5e2559486f3c0ff852f0d35334
  RxTest: 0041e792cede35e53e4749f378d21482af0e9d12

PODFILE CHECKSUM: 1dd77495fd01801853c9db2b429b338e50b28025

COCOAPODS: 1.4.0.beta.2
