PODS:
  - Droste (0.2.1):
    - RxSwift
  - Droste/Tests (0.2.1):
    - Nimble
    - Quick
    - RxSwift
    - RxTest
  - Nimble (7.1.2)
  - Quick (1.3.0)
  - RxSwift (4.2.0)
  - RxTest (4.2.0):
    - RxSwift (~> 4.0)

DEPENDENCIES:
  - Droste (from `../`)
  - Droste/Tests (from `../`)

SPEC REPOS:
  https://github.com/cocoapods/specs.git:
    - Nimble
    - Quick
    - RxSwift
    - RxTest

EXTERNAL SOURCES:
  Droste:
    :path: "../"

SPEC CHECKSUMS:
  Droste: 7700ad01a020094624050a196bab27e3fcaeffa2
  Nimble: 3835ba9f459daa6b347f8a8e110aaae8ca1920a8
  Quick: 03278013f71aa05fe9ecabc94fbcc6835f1ee76f
  RxSwift: 99e10317ddfcc7fbe01356aafd118fde4a0be104
  RxTest: 8da864c0ee47534f586ff18fb0c7e5b2f1fe5023

PODFILE CHECKSUM: 1dd77495fd01801853c9db2b429b338e50b28025

COCOAPODS: 1.5.3
