// !$*UTF8*$!
{
	archiveVersion = 1;
	classes = {
	};
	objectVersion = 46;
	objects = {

/* Begin PBXBuildFile section */
		28F828D01C4B714D00330CF4 /* AppDelegate.swift in Sources */ = {isa = PBXBuildFile; fileRef = 28F828CF1C4B714D00330CF4 /* AppDelegate.swift */; };
		28F828D21C4B714D00330CF4 /* ViewController.swift in Sources */ = {isa = PBXBuildFile; fileRef = 28F828D11C4B714D00330CF4 /* ViewController.swift */; };
		28F828D51C4B714D00330CF4 /* Main.storyboard in Resources */ = {isa = PBXBuildFile; fileRef = 28F828D31C4B714D00330CF4 /* Main.storyboard */; };
		28F828D71C4B714D00330CF4 /* Assets.xcassets in Resources */ = {isa = PBXBuildFile; fileRef = 28F828D61C4B714D00330CF4 /* Assets.xcassets */; };
		28F828DA1C4B714D00330CF4 /* LaunchScreen.storyboard in Resources */ = {isa = PBXBuildFile; fileRef = 28F828D81C4B714D00330CF4 /* LaunchScreen.storyboard */; };
		C921DC2EF7DF029C4D775C78 /* Pods_Example.framework in Frameworks */ = {isa = PBXBuildFile; fileRef = 35831987D3EB219BC0D6D91A /* Pods_Example.framework */; };
/* End PBXBuildFile section */

/* Begin PBXContainerItemProxy section */
		8F9CAB211D89C756006E1824 /* PBXContainerItemProxy */ = {
			isa = PBXContainerItemProxy;
			containerPortal = 287D0A741C4B7B26004566D6 /* RxCache.xcodeproj */;
			proxyType = 2;
			remoteGlobalIDString = 28F8287D1C494B2C00330CF4;
			remoteInfo = RxCache;
		};
		8F9CAB231D89C756006E1824 /* PBXContainerItemProxy */ = {
			isa = PBXContainerItemProxy;
			containerPortal = 287D0A741C4B7B26004566D6 /* RxCache.xcodeproj */;
			proxyType = 2;
			remoteGlobalIDString = 28F828871C494B2C00330CF4;
			remoteInfo = RxCacheTests;
		};
/* End PBXContainerItemProxy section */

/* Begin PBXCopyFilesBuildPhase section */
		287D0A811C4B7B55004566D6 /* Embed Frameworks */ = {
			isa = PBXCopyFilesBuildPhase;
			buildActionMask = 2147483647;
			dstPath = "";
			dstSubfolderSpec = 10;
			files = (
			);
			name = "Embed Frameworks";
			runOnlyForDeploymentPostprocessing = 0;
		};
/* End PBXCopyFilesBuildPhase section */

/* Begin PBXFileReference section */
		14716993DB49E0E49B691B41 /* Pods-Example.debug.xcconfig */ = {isa = PBXFileReference; includeInIndex = 1; lastKnownFileType = text.xcconfig; name = "Pods-Example.debug.xcconfig"; path = "Pods/Target Support Files/Pods-Example/Pods-Example.debug.xcconfig"; sourceTree = "<group>"; };
		287D0A711C4B7877004566D6 /* ExampleUITests.swift */ = {isa = PBXFileReference; fileEncoding = 4; lastKnownFileType = sourcecode.swift; path = ExampleUITests.swift; sourceTree = "<group>"; };
		287D0A741C4B7B26004566D6 /* RxCache.xcodeproj */ = {isa = PBXFileReference; lastKnownFileType = "wrapper.pb-project"; name = RxCache.xcodeproj; path = ../RxCache.xcodeproj; sourceTree = "<group>"; };
		28F828CC1C4B714D00330CF4 /* Example.app */ = {isa = PBXFileReference; explicitFileType = wrapper.application; includeInIndex = 0; path = Example.app; sourceTree = BUILT_PRODUCTS_DIR; };
		28F828CF1C4B714D00330CF4 /* AppDelegate.swift */ = {isa = PBXFileReference; lastKnownFileType = sourcecode.swift; name = AppDelegate.swift; path = Example/AppDelegate.swift; sourceTree = "<group>"; };
		28F828D11C4B714D00330CF4 /* ViewController.swift */ = {isa = PBXFileReference; lastKnownFileType = sourcecode.swift; name = ViewController.swift; path = Example/ViewController.swift; sourceTree = "<group>"; };
		28F828D41C4B714D00330CF4 /* Base */ = {isa = PBXFileReference; lastKnownFileType = file.storyboard; name = Base; path = Base.lproj/Main.storyboard; sourceTree = "<group>"; };
		28F828D61C4B714D00330CF4 /* Assets.xcassets */ = {isa = PBXFileReference; lastKnownFileType = folder.assetcatalog; name = Assets.xcassets; path = Example/Assets.xcassets; sourceTree = "<group>"; };
		28F828D91C4B714D00330CF4 /* Base */ = {isa = PBXFileReference; lastKnownFileType = file.storyboard; name = Base; path = Base.lproj/LaunchScreen.storyboard; sourceTree = "<group>"; };
		28F828DB1C4B714D00330CF4 /* Info.plist */ = {isa = PBXFileReference; lastKnownFileType = text.plist.xml; name = Info.plist; path = Example/Info.plist; sourceTree = "<group>"; };
		28F828E61C4B714D00330CF4 /* Info.plist */ = {isa = PBXFileReference; lastKnownFileType = text.plist.xml; path = Info.plist; sourceTree = "<group>"; };
		35831987D3EB219BC0D6D91A /* Pods_Example.framework */ = {isa = PBXFileReference; explicitFileType = wrapper.framework; includeInIndex = 0; path = Pods_Example.framework; sourceTree = BUILT_PRODUCTS_DIR; };
		518DCE75D8FA58DF5CEDC7F9 /* Pods-Example.release.xcconfig */ = {isa = PBXFileReference; includeInIndex = 1; lastKnownFileType = text.xcconfig; name = "Pods-Example.release.xcconfig"; path = "Pods/Target Support Files/Pods-Example/Pods-Example.release.xcconfig"; sourceTree = "<group>"; };
/* End PBXFileReference section */

/* Begin PBXFrameworksBuildPhase section */
		28F828C91C4B714D00330CF4 /* Frameworks */ = {
			isa = PBXFrameworksBuildPhase;
			buildActionMask = 2147483647;
			files = (
				C921DC2EF7DF029C4D775C78 /* Pods_Example.framework in Frameworks */,
			);
			runOnlyForDeploymentPostprocessing = 0;
		};
/* End PBXFrameworksBuildPhase section */

/* Begin PBXGroup section */
		28F828C31C4B714D00330CF4 = {
			isa = PBXGroup;
			children = (
				287D0A741C4B7B26004566D6 /* RxCache.xcodeproj */,
				28F828CE1C4B714D00330CF4 /* Example */,
				28F828E31C4B714D00330CF4 /* ExampleUITests */,
				28F828CD1C4B714D00330CF4 /* Products */,
				6BCFD731D87F514909AC2708 /* Pods */,
				B0943DE94D96482D0583FF84 /* Frameworks */,
			);
			sourceTree = "<group>";
		};
		28F828CD1C4B714D00330CF4 /* Products */ = {
			isa = PBXGroup;
			children = (
				28F828CC1C4B714D00330CF4 /* Example.app */,
			);
			name = Products;
			sourceTree = "<group>";
		};
		28F828CE1C4B714D00330CF4 /* Example */ = {
			isa = PBXGroup;
			children = (
				28F828CF1C4B714D00330CF4 /* AppDelegate.swift */,
				28F828D11C4B714D00330CF4 /* ViewController.swift */,
				28F828D31C4B714D00330CF4 /* Main.storyboard */,
				28F828D61C4B714D00330CF4 /* Assets.xcassets */,
				28F828D81C4B714D00330CF4 /* LaunchScreen.storyboard */,
				28F828DB1C4B714D00330CF4 /* Info.plist */,
			);
			name = Example;
			sourceTree = "<group>";
		};
		28F828E31C4B714D00330CF4 /* ExampleUITests */ = {
			isa = PBXGroup;
			children = (
				28F828E61C4B714D00330CF4 /* Info.plist */,
				287D0A711C4B7877004566D6 /* ExampleUITests.swift */,
			);
			path = ExampleUITests;
			sourceTree = "<group>";
		};
		6BCFD731D87F514909AC2708 /* Pods */ = {
			isa = PBXGroup;
			children = (
				14716993DB49E0E49B691B41 /* Pods-Example.debug.xcconfig */,
				518DCE75D8FA58DF5CEDC7F9 /* Pods-Example.release.xcconfig */,
			);
			name = Pods;
			sourceTree = "<group>";
		};
		8F9CAB1D1D89C755006E1824 /* Products */ = {
			isa = PBXGroup;
			children = (
				8F9CAB221D89C756006E1824 /* RxCache.framework */,
				8F9CAB241D89C756006E1824 /* RxCacheTests.xctest */,
			);
			name = Products;
			sourceTree = "<group>";
		};
		B0943DE94D96482D0583FF84 /* Frameworks */ = {
			isa = PBXGroup;
			children = (
				35831987D3EB219BC0D6D91A /* Pods_Example.framework */,
			);
			name = Frameworks;
			sourceTree = "<group>";
		};
/* End PBXGroup section */

/* Begin PBXNativeTarget section */
		28F828CB1C4B714D00330CF4 /* Example */ = {
			isa = PBXNativeTarget;
			buildConfigurationList = 28F828E91C4B714D00330CF4 /* Build configuration list for PBXNativeTarget "Example" */;
			buildPhases = (
				B5D8C4FDAF3C784916B2EA9C /* [CP] Check Pods Manifest.lock */,
				28F828C81C4B714D00330CF4 /* Sources */,
				28F828C91C4B714D00330CF4 /* Frameworks */,
				28F828CA1C4B714D00330CF4 /* Resources */,
				287D0A811C4B7B55004566D6 /* Embed Frameworks */,
				933661698937075C2DE310E1 /* [CP] Embed Pods Frameworks */,
				9B1ED7949D6B296101E65D24 /* [CP] Copy Pods Resources */,
			);
			buildRules = (
			);
			dependencies = (
			);
			name = Example;
			productName = Example;
			productReference = 28F828CC1C4B714D00330CF4 /* Example.app */;
			productType = "com.apple.product-type.application";
		};
/* End PBXNativeTarget section */

/* Begin PBXProject section */
		28F828C41C4B714D00330CF4 /* Project object */ = {
			isa = PBXProject;
			attributes = {
				LastSwiftUpdateCheck = 0720;
				LastUpgradeCheck = 0900;
				TargetAttributes = {
					28F828CB1C4B714D00330CF4 = {
						CreatedOnToolsVersion = 7.2;
						LastSwiftMigration = 0800;
						ProvisioningStyle = Manual;
					};
				};
			};
			buildConfigurationList = 28F828C71C4B714D00330CF4 /* Build configuration list for PBXProject "Example" */;
			compatibilityVersion = "Xcode 3.2";
			developmentRegion = English;
			hasScannedForEncodings = 0;
			knownRegions = (
				en,
				Base,
			);
			mainGroup = 28F828C31C4B714D00330CF4;
			productRefGroup = 28F828CD1C4B714D00330CF4 /* Products */;
			projectDirPath = "";
			projectReferences = (
				{
					ProductGroup = 8F9CAB1D1D89C755006E1824 /* Products */;
					ProjectRef = 287D0A741C4B7B26004566D6 /* RxCache.xcodeproj */;
				},
			);
			projectRoot = "";
			targets = (
				28F828CB1C4B714D00330CF4 /* Example */,
			);
		};
/* End PBXProject section */

/* Begin PBXReferenceProxy section */
		8F9CAB221D89C756006E1824 /* RxCache.framework */ = {
			isa = PBXReferenceProxy;
			fileType = wrapper.framework;
			path = RxCache.framework;
			remoteRef = 8F9CAB211D89C756006E1824 /* PBXContainerItemProxy */;
			sourceTree = BUILT_PRODUCTS_DIR;
		};
		8F9CAB241D89C756006E1824 /* RxCacheTests.xctest */ = {
			isa = PBXReferenceProxy;
			fileType = wrapper.cfbundle;
			path = RxCacheTests.xctest;
			remoteRef = 8F9CAB231D89C756006E1824 /* PBXContainerItemProxy */;
			sourceTree = BUILT_PRODUCTS_DIR;
		};
/* End PBXReferenceProxy section */

/* Begin PBXResourcesBuildPhase section */
		28F828CA1C4B714D00330CF4 /* Resources */ = {
			isa = PBXResourcesBuildPhase;
			buildActionMask = 2147483647;
			files = (
				28F828DA1C4B714D00330CF4 /* LaunchScreen.storyboard in Resources */,
				28F828D71C4B714D00330CF4 /* Assets.xcassets in Resources */,
				28F828D51C4B714D00330CF4 /* Main.storyboard in Resources */,
			);
			runOnlyForDeploymentPostprocessing = 0;
		};
/* End PBXResourcesBuildPhase section */

/* Begin PBXShellScriptBuildPhase section */
		933661698937075C2DE310E1 /* [CP] Embed Pods Frameworks */ = {
			isa = PBXShellScriptBuildPhase;
			buildActionMask = 2147483647;
			files = (
			);
			inputPaths = (
				"${SRCROOT}/Pods/Target Support Files/Pods-Example/Pods-Example-frameworks.sh",
				"${BUILT_PRODUCTS_DIR}/RxCache/RxCache.framework",
				"${BUILT_PRODUCTS_DIR}/RxCocoa/RxCocoa.framework",
				"${BUILT_PRODUCTS_DIR}/RxSwift/RxSwift.framework",
			);
			name = "[CP] Embed Pods Frameworks";
			outputPaths = (
				"${TARGET_BUILD_DIR}/${FRAMEWORKS_FOLDER_PATH}/RxCache.framework",
				"${TARGET_BUILD_DIR}/${FRAMEWORKS_FOLDER_PATH}/RxCocoa.framework",
				"${TARGET_BUILD_DIR}/${FRAMEWORKS_FOLDER_PATH}/RxSwift.framework",
			);
			runOnlyForDeploymentPostprocessing = 0;
			shellPath = /bin/sh;
			shellScript = "\"${SRCROOT}/Pods/Target Support Files/Pods-Example/Pods-Example-frameworks.sh\"\n";
			showEnvVarsInLog = 0;
		};
		9B1ED7949D6B296101E65D24 /* [CP] Copy Pods Resources */ = {
			isa = PBXShellScriptBuildPhase;
			buildActionMask = 2147483647;
			files = (
			);
			inputPaths = (
			);
			name = "[CP] Copy Pods Resources";
			outputPaths = (
			);
			runOnlyForDeploymentPostprocessing = 0;
			shellPath = /bin/sh;
			shellScript = "\"${SRCROOT}/Pods/Target Support Files/Pods-Example/Pods-Example-resources.sh\"\n";
			showEnvVarsInLog = 0;
		};
		B5D8C4FDAF3C784916B2EA9C /* [CP] Check Pods Manifest.lock */ = {
			isa = PBXShellScriptBuildPhase;
			buildActionMask = 2147483647;
			files = (
			);
			inputPaths = (
				"${PODS_PODFILE_DIR_PATH}/Podfile.lock",
				"${PODS_ROOT}/Manifest.lock",
			);
			name = "[CP] Check Pods Manifest.lock";
			outputPaths = (
				"$(DERIVED_FILE_DIR)/Pods-Example-checkManifestLockResult.txt",
			);
			runOnlyForDeploymentPostprocessing = 0;
			shellPath = /bin/sh;
			shellScript = "diff \"${PODS_PODFILE_DIR_PATH}/Podfile.lock\" \"${PODS_ROOT}/Manifest.lock\" > /dev/null\nif [ $? != 0 ] ; then\n    # print error to STDERR\n    echo \"error: The sandbox is not in sync with the Podfile.lock. Run 'pod install' or update your CocoaPods installation.\" >&2\n    exit 1\nfi\n# This output is used by Xcode 'outputs' to avoid re-running this script phase.\necho \"SUCCESS\" > \"${SCRIPT_OUTPUT_FILE_0}\"\n";
			showEnvVarsInLog = 0;
		};
/* End PBXShellScriptBuildPhase section */

/* Begin PBXSourcesBuildPhase section */
		28F828C81C4B714D00330CF4 /* Sources */ = {
			isa = PBXSourcesBuildPhase;
			buildActionMask = 2147483647;
			files = (
				28F828D21C4B714D00330CF4 /* ViewController.swift in Sources */,
				28F828D01C4B714D00330CF4 /* AppDelegate.swift in Sources */,
			);
			runOnlyForDeploymentPostprocessing = 0;
		};
/* End PBXSourcesBuildPhase section */

/* Begin PBXVariantGroup section */
		28F828D31C4B714D00330CF4 /* Main.storyboard */ = {
			isa = PBXVariantGroup;
			children = (
				28F828D41C4B714D00330CF4 /* Base */,
			);
			name = Main.storyboard;
			path = Example;
			sourceTree = "<group>";
		};
		28F828D81C4B714D00330CF4 /* LaunchScreen.storyboard */ = {
			isa = PBXVariantGroup;
			children = (
				28F828D91C4B714D00330CF4 /* Base */,
			);
			name = LaunchScreen.storyboard;
			path = Example;
			sourceTree = "<group>";
		};
/* End PBXVariantGroup section */

/* Begin XCBuildConfiguration section */
		28F828E71C4B714D00330CF4 /* Debug */ = {
			isa = XCBuildConfiguration;
			buildSettings = {
				ALWAYS_SEARCH_USER_PATHS = NO;
				CLANG_CXX_LANGUAGE_STANDARD = "gnu++0x";
				CLANG_CXX_LIBRARY = "libc++";
				CLANG_ENABLE_MODULES = YES;
				CLANG_ENABLE_OBJC_ARC = YES;
				CLANG_WARN_BLOCK_CAPTURE_AUTORELEASING = YES;
				CLANG_WARN_BOOL_CONVERSION = YES;
				CLANG_WARN_COMMA = YES;
				CLANG_WARN_CONSTANT_CONVERSION = YES;
				CLANG_WARN_DIRECT_OBJC_ISA_USAGE = YES_ERROR;
				CLANG_WARN_EMPTY_BODY = YES;
				CLANG_WARN_ENUM_CONVERSION = YES;
				CLANG_WARN_INFINITE_RECURSION = YES;
				CLANG_WARN_INT_CONVERSION = YES;
				CLANG_WARN_NON_LITERAL_NULL_CONVERSION = YES;
				CLANG_WARN_OBJC_LITERAL_CONVERSION = YES;
				CLANG_WARN_OBJC_ROOT_CLASS = YES_ERROR;
				CLANG_WARN_RANGE_LOOP_ANALYSIS = YES;
				CLANG_WARN_STRICT_PROTOTYPES = YES;
				CLANG_WARN_SUSPICIOUS_MOVE = YES;
				CLANG_WARN_UNREACHABLE_CODE = YES;
				CLANG_WARN__DUPLICATE_METHOD_MATCH = YES;
				"CODE_SIGN_IDENTITY[sdk=iphoneos*]" = "iPhone Developer";
				COPY_PHASE_STRIP = NO;
				DEBUG_INFORMATION_FORMAT = dwarf;
				ENABLE_STRICT_OBJC_MSGSEND = YES;
				ENABLE_TESTABILITY = YES;
				GCC_C_LANGUAGE_STANDARD = gnu99;
				GCC_DYNAMIC_NO_PIC = NO;
				GCC_NO_COMMON_BLOCKS = YES;
				GCC_OPTIMIZATION_LEVEL = 0;
				GCC_PREPROCESSOR_DEFINITIONS = (
					"DEBUG=1",
					"$(inherited)",
				);
				GCC_WARN_64_TO_32_BIT_CONVERSION = YES;
				GCC_WARN_ABOUT_RETURN_TYPE = YES_ERROR;
				GCC_WARN_UNDECLARED_SELECTOR = YES;
				GCC_WARN_UNINITIALIZED_AUTOS = YES_AGGRESSIVE;
				GCC_WARN_UNUSED_FUNCTION = YES;
				GCC_WARN_UNUSED_VARIABLE = YES;
				IPHONEOS_DEPLOYMENT_TARGET = 9.2;
				MTL_ENABLE_DEBUG_INFO = YES;
				ONLY_ACTIVE_ARCH = YES;
				SDKROOT = iphoneos;
				SWIFT_OPTIMIZATION_LEVEL = "-Onone";
				SWIFT_VERSION = 3.0;
			};
			name = Debug;
		};
		28F828E81C4B714D00330CF4 /* Release */ = {
			isa = XCBuildConfiguration;
			buildSettings = {
				ALWAYS_SEARCH_USER_PATHS = NO;
				CLANG_CXX_LANGUAGE_STANDARD = "gnu++0x";
				CLANG_CXX_LIBRARY = "libc++";
				CLANG_ENABLE_MODULES = YES;
				CLANG_ENABLE_OBJC_ARC = YES;
				CLANG_WARN_BLOCK_CAPTURE_AUTORELEASING = YES;
				CLANG_WARN_BOOL_CONVERSION = YES;
				CLANG_WARN_COMMA = YES;
				CLANG_WARN_CONSTANT_CONVERSION = YES;
				CLANG_WARN_DIRECT_OBJC_ISA_USAGE = YES_ERROR;
				CLANG_WARN_EMPTY_BODY = YES;
				CLANG_WARN_ENUM_CONVERSION = YES;
				CLANG_WARN_INFINITE_RECURSION = YES;
				CLANG_WARN_INT_CONVERSION = YES;
				CLANG_WARN_NON_LITERAL_NULL_CONVERSION = YES;
				CLANG_WARN_OBJC_LITERAL_CONVERSION = YES;
				CLANG_WARN_OBJC_ROOT_CLASS = YES_ERROR;
				CLANG_WARN_RANGE_LOOP_ANALYSIS = YES;
				CLANG_WARN_STRICT_PROTOTYPES = YES;
				CLANG_WARN_SUSPICIOUS_MOVE = YES;
				CLANG_WARN_UNREACHABLE_CODE = YES;
				CLANG_WARN__DUPLICATE_METHOD_MATCH = YES;
				"CODE_SIGN_IDENTITY[sdk=iphoneos*]" = "iPhone Developer";
				COPY_PHASE_STRIP = NO;
				DEBUG_INFORMATION_FORMAT = "dwarf-with-dsym";
				ENABLE_NS_ASSERTIONS = NO;
				ENABLE_STRICT_OBJC_MSGSEND = YES;
				GCC_C_LANGUAGE_STANDARD = gnu99;
				GCC_NO_COMMON_BLOCKS = YES;
				GCC_WARN_64_TO_32_BIT_CONVERSION = YES;
				GCC_WARN_ABOUT_RETURN_TYPE = YES_ERROR;
				GCC_WARN_UNDECLARED_SELECTOR = YES;
				GCC_WARN_UNINITIALIZED_AUTOS = YES_AGGRESSIVE;
				GCC_WARN_UNUSED_FUNCTION = YES;
				GCC_WARN_UNUSED_VARIABLE = YES;
				IPHONEOS_DEPLOYMENT_TARGET = 9.2;
				MTL_ENABLE_DEBUG_INFO = NO;
				SDKROOT = iphoneos;
				SWIFT_OPTIMIZATION_LEVEL = "-Owholemodule";
				SWIFT_VERSION = 3.0;
				VALIDATE_PRODUCT = YES;
			};
			name = Release;
		};
		28F828EA1C4B714D00330CF4 /* Debug */ = {
			isa = XCBuildConfiguration;
			baseConfigurationReference = 14716993DB49E0E49B691B41 /* Pods-Example.debug.xcconfig */;
			buildSettings = {
				ASSETCATALOG_COMPILER_APPICON_NAME = AppIcon;
				CODE_SIGN_STYLE = Manual;
				DEVELOPMENT_TEAM = "";
				INFOPLIST_FILE = "$(SRCROOT)/Example/Info.plist";
				LD_RUNPATH_SEARCH_PATHS = "$(inherited) @executable_path/Frameworks";
				PRODUCT_BUNDLE_IDENTIFIER = com.gtsifrikas.Example;
				PRODUCT_NAME = "$(TARGET_NAME)";
				PROVISIONING_PROFILE_SPECIFIER = "";
			};
			name = Debug;
		};
		28F828EB1C4B714D00330CF4 /* Release */ = {
			isa = XCBuildConfiguration;
			baseConfigurationReference = 518DCE75D8FA58DF5CEDC7F9 /* Pods-Example.release.xcconfig */;
			buildSettings = {
				ASSETCATALOG_COMPILER_APPICON_NAME = AppIcon;
				CODE_SIGN_STYLE = Manual;
				DEVELOPMENT_TEAM = "";
				INFOPLIST_FILE = "$(SRCROOT)/Example/Info.plist";
				LD_RUNPATH_SEARCH_PATHS = "$(inherited) @executable_path/Frameworks";
				PRODUCT_BUNDLE_IDENTIFIER = com.gtsifrikas.Example;
				PRODUCT_NAME = "$(TARGET_NAME)";
				PROVISIONING_PROFILE_SPECIFIER = "";
			};
			name = Release;
		};
/* End XCBuildConfiguration section */

/* Begin XCConfigurationList section */
		28F828C71C4B714D00330CF4 /* Build configuration list for PBXProject "Example" */ = {
			isa = XCConfigurationList;
			buildConfigurations = (
				28F828E71C4B714D00330CF4 /* Debug */,
				28F828E81C4B714D00330CF4 /* Release */,
			);
			defaultConfigurationIsVisible = 0;
			defaultConfigurationName = Release;
		};
		28F828E91C4B714D00330CF4 /* Build configuration list for PBXNativeTarget "Example" */ = {
			isa = XCConfigurationList;
			buildConfigurations = (
				28F828EA1C4B714D00330CF4 /* Debug */,
				28F828EB1C4B714D00330CF4 /* Release */,
			);
			defaultConfigurationIsVisible = 0;
			defaultConfigurationName = Release;
		};
/* End XCConfigurationList section */
	};
	rootObject = 28F828C41C4B714D00330CF4 /* Project object */;
}
